
Microsoft Visual Studio Solution File, Format Version 12.00
# Visual Studio Version 17
VisualStudioVersion = 17.14.36623.8 d17.14
MinimumVisualStudioVersion = 10.0.40219.1
Project("{FAE04EC0-301F-11D3-BF4B-00C04F79EFBC}") = "2лаба", "2лаба\2лаба.csproj", "{373AE1D0-BD52-40EE-8689-D629D8C46114}"
EndProject
Global
	GlobalSection(SolutionConfigurationPlatforms) = preSolution
		Debug|Any CPU = Debug|Any CPU
		Release|Any CPU = Release|Any CPU
	EndGlobalSection
	GlobalSection(ProjectConfigurationPlatforms) = postSolution
		{373AE1D0-BD52-40EE-8689-D629D8C46114}.Debug|Any CPU.ActiveCfg = Debug|Any CPU
		{373AE1D0-BD52-40EE-8689-D629D8C46114}.Debug|Any CPU.Build.0 = Debug|Any CPU
		{373AE1D0-BD52-40EE-8689-D629D8C46114}.Release|Any CPU.ActiveCfg = Release|Any CPU
		{373AE1D0-BD52-40EE-8689-D629D8C46114}.Release|Any CPU.Build.0 = Release|Any CPU
	EndGlobalSection
	GlobalSection(SolutionProperties) = preSolution
		HideSolutionNode = FALSE
	EndGlobalSection
	GlobalSection(ExtensibilityGlobals) = postSolution
		SolutionGuid = {FCBC395A-64BE-4646-AE55-63E6F70D6846}
	EndGlobalSection
EndGlobal
